
Microsoft Visual Studio Solution File, Format Version 12.00
# Visual Studio 15
VisualStudioVersion = 15.0.27130.2024
MinimumVisualStudioVersion = 10.0.40219.1
Project("{8BC9CEB8-8B4A-11D0-8D11-00A0C91BC942}") = "HelloWorld", "C++\C++.vcxproj", "{F5EBC932-3A20-48C2-B41C-68E5A6EB3E2A}"
EndProject
Project("{2150E333-8FDC-42A3-9474-1A3956D46DE8}") = "02_C++_Lang", "02_C++_Lang", "{2D33EDB0-E590-436A-AF8A-645C46B7CE37}"
EndProject
Project("{8BC9CEB8-8B4A-11D0-8D11-00A0C91BC942}") = "BankingSyt", "C++\BankingSyt\BankingSyt.vcxproj", "{E1E28DD5-A8CC-4A1D-8DFE-2A9524B62050}"
EndProject
Project("{2150E333-8FDC-42A3-9474-1A3956D46DE8}") = "01_C_Lang", "01_C_Lang", "{A366F4E4-DE55-42D5-A3D7-329A03D1CCB1}"
EndProject
Project("{8BC9CEB8-8B4A-11D0-8D11-00A0C91BC942}") = "Level_36", "Level_36\Level_36.vcxproj", "{D8AF3CCF-21F4-4670-BA32-B871B8F55FBC}"
EndProject
Project("{8BC9CEB8-8B4A-11D0-8D11-00A0C91BC942}") = "Level_37", "Level_37\Level_37.vcxproj", "{9B1F03B6-A6AB-4F15-B1F1-FED84C8544A8}"
EndProject
Project("{2150E333-8FDC-42A3-9474-1A3956D46DE8}") = "06_Win32API", "06_Win32API", "{E171117D-5B88-4956-A6F1-61C03B3E9809}"
EndProject
Project("{8BC9CEB8-8B4A-11D0-8D11-00A0C91BC942}") = "HelloWin", "HelloWin\HelloWin.vcxproj", "{969F6D3C-4C32-4073-9C1F-06B07AD213F4}"
EndProject
Project("{8BC9CEB8-8B4A-11D0-8D11-00A0C91BC942}") = "Level_38", "Level_38\Level_38.vcxproj", "{19428F83-3F48-42D9-B5C9-DE5E9972E226}"
EndProject
Project("{8BC9CEB8-8B4A-11D0-8D11-00A0C91BC942}") = "Level_38_02", "Level_38_02\Level_38_02.vcxproj", "{A47E4004-EE38-4A40-902A-3F12A816B99C}"
EndProject
Project("{8BC9CEB8-8B4A-11D0-8D11-00A0C91BC942}") = "Window", "Window\Window.vcxproj", "{C268DFD5-CFEC-488D-A8BE-635E7FB50CA5}"
EndProject
Project("{8BC9CEB8-8B4A-11D0-8D11-00A0C91BC942}") = "InputWin", "InputWin\InputWin.vcxproj", "{509153F1-E5D0-4364-812F-810BB410D163}"
EndProject
Project("{8BC9CEB8-8B4A-11D0-8D11-00A0C91BC942}") = "SampleBitmap", "SampleBitmap\SampleBitmap.vcxproj", "{1A96DA79-ABAE-4DF9-85B9-98DE17B153EB}"
EndProject
Project("{8BC9CEB8-8B4A-11D0-8D11-00A0C91BC942}") = "FirstWindow", "FirstWindow\FirstWindow.vcxproj", "{C7F53203-23CD-4FE4-920D-217052D39A22}"
EndProject
Project("{8BC9CEB8-8B4A-11D0-8D11-00A0C91BC942}") = "SecWindow", "SecWindow\SecWindow.vcxproj", "{48892C2B-A337-4E95-8216-D7BB556C74F0}"
EndProject
Project("{8BC9CEB8-8B4A-11D0-8D11-00A0C91BC942}") = "SampleLib", "SampleLib\SampleLib.vcxproj", "{12890FA2-D59B-4650-BC4D-964CDC72F322}"
EndProject
Project("{8BC9CEB8-8B4A-11D0-8D11-00A0C91BC942}") = "SampleLib", "BitmapLib\BitmapLib.vcxproj", "{3FDF9094-D3CC-4FB7-8760-9D197CFB81AA}"
EndProject
Project("{8BC9CEB8-8B4A-11D0-8D11-00A0C91BC942}") = "sample002", "sample002\sample002.vcxproj", "{BD5DB67A-4DBB-4640-A108-7A40BAEC0AB1}"
EndProject
Project("{2150E333-8FDC-42A3-9474-1A3956D46DE8}") = "Ex", "Ex", "{2E3DB230-8CF7-4CD5-BCC1-0AD237B4804E}"
EndProject
Project("{8BC9CEB8-8B4A-11D0-8D11-00A0C91BC942}") = "Level_40", "Level_40\Level_40.vcxproj", "{AB212C25-8444-4BAE-ACC6-CEB17CB17BBE}"
EndProject
Project("{8BC9CEB8-8B4A-11D0-8D11-00A0C91BC942}") = "Level_40_02", "Level_40_02\Level_40_02.vcxproj", "{C3918AAF-CC58-40C1-B246-C4B9A9D387AD}"
EndProject
Project("{8BC9CEB8-8B4A-11D0-8D11-00A0C91BC942}") = "Object", "Object\Object.vcxproj", "{BFE32FC2-7D9E-4DF1-B797-99E6BED0A1B1}"
EndProject
Project("{8BC9CEB8-8B4A-11D0-8D11-00A0C91BC942}") = "SampleUI", "SampleUI\SampleUI.vcxproj", "{60229687-65AF-473D-9EF4-21FDADF336DD}"
EndProject
Project("{8BC9CEB8-8B4A-11D0-8D11-00A0C91BC942}") = "SampleRotateBitmap", "SampleRotateBitmap\SampleRotateBitmap.vcxproj", "{62BA6C85-AC7F-4B9B-9BBA-D51D86C0C3A2}"
EndProject
Project("{8BC9CEB8-8B4A-11D0-8D11-00A0C91BC942}") = "CoreLib", "CoreLib\CoreLib.vcxproj", "{E199B4A0-BA48-487F-BDD0-5949DB0F5A16}"
EndProject
Project("{8BC9CEB8-8B4A-11D0-8D11-00A0C91BC942}") = "Level_41", "Level_41\Level_41.vcxproj", "{AA1E3539-E452-4C40-BFA6-66F409E3AEAD}"
EndProject
Project("{8BC9CEB8-8B4A-11D0-8D11-00A0C91BC942}") = "Level_41_02", "Level_41_02\Level_41_02.vcxproj", "{00112EA5-7448-4953-9AF8-CEA4F643BED0}"
EndProject
Project("{2150E333-8FDC-42A3-9474-1A3956D46DE8}") = "03_DataSturcture", "03_DataSturcture", "{C1D9D9FA-0895-4D22-B9DA-016D2D0621A7}"
EndProject
Project("{8BC9CEB8-8B4A-11D0-8D11-00A0C91BC942}") = "Student_Cpp", "Stuct_Cpp\Stuct_Cpp.vcxproj", "{95B8F0D8-279A-401B-9E81-E9542E3F26C1}"
EndProject
Project("{8BC9CEB8-8B4A-11D0-8D11-00A0C91BC942}") = "SampleC++_04", "SampleC++_04\SampleC++_04.vcxproj", "{AE4AD7AA-357B-4946-8563-36CB9335115A}"
EndProject
Project("{8BC9CEB8-8B4A-11D0-8D11-00A0C91BC942}") = "LinkedListSTDMgr", "LinkedList\LinkedList.vcxproj", "{3C4AC87F-438F-4825-A056-7268AB95F169}"
EndProject
Project("{8BC9CEB8-8B4A-11D0-8D11-00A0C91BC942}") = "STDMgr", "STDMgr\STDMgr.vcxproj", "{5EC63190-C2C5-4B72-8210-F04D1B2852E6}"
EndProject
Project("{8BC9CEB8-8B4A-11D0-8D11-00A0C91BC942}") = "Diamond_C_00", "Diamond_C_00\Diamond_C_00.vcxproj", "{28EB7F2F-0A4B-412E-A915-50E0B2BFA226}"
EndProject
Project("{8BC9CEB8-8B4A-11D0-8D11-00A0C91BC942}") = "Sample_C_02", "Sample_C_02\Sample_C_02.vcxproj", "{9305DB2F-81F4-4E36-B1EA-A841EF886FD9}"
EndProject
Project("{8BC9CEB8-8B4A-11D0-8D11-00A0C91BC942}") = "Sample_C_01", "Sample_C_01\Sample_C_01.vcxproj", "{C7629376-1503-454B-BEAA-0D27500EFBA4}"
EndProject
Project("{8BC9CEB8-8B4A-11D0-8D11-00A0C91BC942}") = "Sample_C_00", "Sample_C_00\Sample_C_00.vcxproj", "{A7DDDC86-F3CB-4659-8B4B-02E69DBFAD19}"
EndProject
Project("{8BC9CEB8-8B4A-11D0-8D11-00A0C91BC942}") = "Sample_C_03", "Sample_C_03\Sample_C_03.vcxproj", "{3A76433F-D8A1-4C92-8D6E-953F715F04DF}"
EndProject
Project("{8BC9CEB8-8B4A-11D0-8D11-00A0C91BC942}") = "Sample_C_04", "Sample_C_04\Sample_C_04.vcxproj", "{4D495C0A-95C8-4F60-8046-344EABDB4C42}"
EndProject
Project("{8BC9CEB8-8B4A-11D0-8D11-00A0C91BC942}") = "Sample_C_05", "Sample_C_05\Sample_C_05.vcxproj", "{5167F831-6524-48AA-B908-CCAB3D314C22}"
EndProject
Project("{8BC9CEB8-8B4A-11D0-8D11-00A0C91BC942}") = "Sample_C_06", "Sample_C_06\Sample_C_06.vcxproj", "{F31C2788-2D78-4719-B6E9-4F80DD024C7C}"
EndProject
Project("{8BC9CEB8-8B4A-11D0-8D11-00A0C91BC942}") = "Sample_C++_01", "Sample_C++_01\Sample_C++_01.vcxproj", "{90B90DDC-0E9B-4618-B37C-EAE0EE2457EB}"
EndProject
Project("{8BC9CEB8-8B4A-11D0-8D11-00A0C91BC942}") = "SampleC++_02", "SampleC++_02\SampleC++_02.vcxproj", "{20BD28A4-C692-411F-924F-0229FF438560}"
EndProject
Project("{8BC9CEB8-8B4A-11D0-8D11-00A0C91BC942}") = "SampleC++_03", "SampleC++_03\SampleC++_03.vcxproj", "{C0D71B52-21E1-49A5-9B2B-5BD1D1E83A4B}"
EndProject
Project("{8BC9CEB8-8B4A-11D0-8D11-00A0C91BC942}") = "SampleC++_05", "SampleC++_05\SampleC++_05.vcxproj", "{BC402A81-28B5-41EA-AB0B-234E5CB5134A}"
EndProject
Project("{8BC9CEB8-8B4A-11D0-8D11-00A0C91BC942}") = "SampleC++_06", "SampleC++_06\SampleC++_06.vcxproj", "{D7E3A78C-A8AB-4277-A26C-9CADCA6877A2}"
EndProject
Project("{8BC9CEB8-8B4A-11D0-8D11-00A0C91BC942}") = "BankingSystem", "BankingSystem\BankingSystem.vcxproj", "{F1E740F6-E7FD-4A1E-8A35-588C189DCC7C}"
EndProject
Project("{8BC9CEB8-8B4A-11D0-8D11-00A0C91BC942}") = "Tetris", "Tetris\Tetris.vcxproj", "{9B6F26DB-9FB2-4B1B-A97A-7D1D77C1AC11}"
EndProject
Project("{2150E333-8FDC-42A3-9474-1A3956D46DE8}") = "05_DesignePatten", "05_DesignePatten", "{21B94B5B-B224-4747-98D5-4FAD447C8019}"
EndProject
Project("{8BC9CEB8-8B4A-11D0-8D11-00A0C91BC942}") = "Level_42_01", "Level_42_01\Level_42_01.vcxproj", "{1753292D-531F-4B6B-86F9-DDE9C5809874}"
EndProject
Project("{8BC9CEB8-8B4A-11D0-8D11-00A0C91BC942}") = "EX_01", "EX_01\EX_01.vcxproj", "{18D48BCA-F538-467B-A425-022622230C34}"
EndProject
Project("{2150E333-8FDC-42A3-9474-1A3956D46DE8}") = "ChickenAttack", "ChickenAttack", "{1FF5B2F8-5FE3-4761-9F65-774E5E3A9BC4}"
EndProject
Project("{8BC9CEB8-8B4A-11D0-8D11-00A0C91BC942}") = "ChickenAttack", "ChickenAttack\ChickenAttack.vcxproj", "{566D2886-8C89-4409-A423-338E9677F463}"
EndProject
Project("{2150E333-8FDC-42A3-9474-1A3956D46DE8}") = "07_A.I", "07_A.I", "{C0D056AC-854F-4D69-84B8-78402083F0BE}"
EndProject
Project("{2150E333-8FDC-42A3-9474-1A3956D46DE8}") = "04_STL", "04_STL", "{EE4F5431-CDA3-45D4-830A-2AF4C1CD413B}"
EndProject
Project("{2150E333-8FDC-42A3-9474-1A3956D46DE8}") = "Sample", "Sample", "{B04962DA-CCE0-491E-8272-8D762975097E}"
EndProject
Project("{8BC9CEB8-8B4A-11D0-8D11-00A0C91BC942}") = "TCoreLib", "TCoreLib\TCoreLib.vcxproj", "{88F1734D-3154-4564-B3DF-CC574D74F822}"
EndProject
Project("{8BC9CEB8-8B4A-11D0-8D11-00A0C91BC942}") = "SampleSprite", "SampleSprite\SampleSprite.vcxproj", "{8AAF7977-43A2-4E8B-AED7-43741F6A5F95}"
EndProject
Project("{8BC9CEB8-8B4A-11D0-8D11-00A0C91BC942}") = "SampleSound", "SampleSound\SampleSound.vcxproj", "{7C075416-E325-4CC6-BA68-7AF9CABF7302}"
EndProject
Project("{2150E333-8FDC-42A3-9474-1A3956D46DE8}") = "00_NOTE", "00_NOTE", "{604C39B3-3B69-4580-927F-4C48A04D9FA8}"
EndProject
Project("{2150E333-8FDC-42A3-9474-1A3956D46DE8}") = "Algorithm", "Algorithm", "{8E421E04-4E07-471D-9CFB-FBCFF777619C}"
EndProject
Project("{2150E333-8FDC-42A3-9474-1A3956D46DE8}") = "Fight_C++", "Fight_C++", "{67A723D3-21EA-4DC5-AFC9-B9C554F00E10}"
EndProject
Project("{8BC9CEB8-8B4A-11D0-8D11-00A0C91BC942}") = "Level_39_havetoWrite", "Level_39_havetoWrite\Level_39_havetoWrite.vcxproj", "{A587E328-2FD1-413F-9B89-F1D32F52D048}"
EndProject
Project("{8BC9CEB8-8B4A-11D0-8D11-00A0C91BC942}") = "Level_44_multiThread", "Level_44_multiThread\Level_44_multiThread.vcxproj", "{D1D9582C-64E4-4616-85A2-1182AABFB1C9}"
EndProject
Project("{8BC9CEB8-8B4A-11D0-8D11-00A0C91BC942}") = "Level_42_03", "Level_42_03\Level_42_03.vcxproj", "{3E239496-AA4C-4848-9A2E-17A6E632FD1F}"
EndProject
Project("{8BC9CEB8-8B4A-11D0-8D11-00A0C91BC942}") = "Level_43", "Level_43\Level_43.vcxproj", "{A44641C0-01E6-4B51-B662-01DE9EB2ED5B}"
EndProject
Project("{8BC9CEB8-8B4A-11D0-8D11-00A0C91BC942}") = "Level_43_02", "Level_43_02\Level_43_02.vcxproj", "{54B5011B-B11E-4A6D-A415-5E2A6B97C896}"
EndProject
Project("{8BC9CEB8-8B4A-11D0-8D11-00A0C91BC942}") = "Level_44", "Level_44\Level_44.vcxproj", "{64AB75FB-D8B5-4581-93E3-27AEC9998693}"
EndProject
Project("{8BC9CEB8-8B4A-11D0-8D11-00A0C91BC942}") = "Level_45_LAST", "Level_45_LAST\Level_45_LAST.vcxproj", "{640EAE60-BE8F-4789-A9A8-05BDA753C6AC}"
EndProject
Project("{8BC9CEB8-8B4A-11D0-8D11-00A0C91BC942}") = "SampleEmployee", "SampleEmployee\SampleEmployee.vcxproj", "{A1400CA4-36A9-493D-AB90-4ACA1BA58192}"
EndProject
Project("{8BC9CEB8-8B4A-11D0-8D11-00A0C91BC942}") = "BankSyt", "BankSyt\BankSyt.vcxproj", "{92406CE7-A7E1-413F-ABEE-2212AB78B1D5}"
EndProject
Project("{2150E333-8FDC-42A3-9474-1A3956D46DE8}") = "03_Algorithm", "03_Algorithm", "{CEF9AC5E-9AD5-4A73-A23D-CDE40E70BA62}"
EndProject
Project("{8BC9CEB8-8B4A-11D0-8D11-00A0C91BC942}") = "FESTIVAL", "FESTIVAL\FESTIVAL.vcxproj", "{55ABDABF-E7FB-454B-80A6-14E45101786B}"
EndProject
Global
	GlobalSection(SolutionConfigurationPlatforms) = preSolution
		Debug|x64 = Debug|x64
		Debug|x86 = Debug|x86
		Release|x64 = Release|x64
		Release|x86 = Release|x86
	EndGlobalSection
	GlobalSection(ProjectConfigurationPlatforms) = postSolution
		{F5EBC932-3A20-48C2-B41C-68E5A6EB3E2A}.Debug|x64.ActiveCfg = Debug|x64
		{F5EBC932-3A20-48C2-B41C-68E5A6EB3E2A}.Debug|x64.Build.0 = Debug|x64
		{F5EBC932-3A20-48C2-B41C-68E5A6EB3E2A}.Debug|x86.ActiveCfg = Debug|Win32
		{F5EBC932-3A20-48C2-B41C-68E5A6EB3E2A}.Debug|x86.Build.0 = Debug|Win32
		{F5EBC932-3A20-48C2-B41C-68E5A6EB3E2A}.Release|x64.ActiveCfg = Release|x64
		{F5EBC932-3A20-48C2-B41C-68E5A6EB3E2A}.Release|x64.Build.0 = Release|x64
		{F5EBC932-3A20-48C2-B41C-68E5A6EB3E2A}.Release|x86.ActiveCfg = Release|Win32
		{F5EBC932-3A20-48C2-B41C-68E5A6EB3E2A}.Release|x86.Build.0 = Release|Win32
		{E1E28DD5-A8CC-4A1D-8DFE-2A9524B62050}.Debug|x64.ActiveCfg = Debug|x64
		{E1E28DD5-A8CC-4A1D-8DFE-2A9524B62050}.Debug|x64.Build.0 = Debug|x64
		{E1E28DD5-A8CC-4A1D-8DFE-2A9524B62050}.Debug|x86.ActiveCfg = Debug|Win32
		{E1E28DD5-A8CC-4A1D-8DFE-2A9524B62050}.Debug|x86.Build.0 = Debug|Win32
		{E1E28DD5-A8CC-4A1D-8DFE-2A9524B62050}.Release|x64.ActiveCfg = Release|x64
		{E1E28DD5-A8CC-4A1D-8DFE-2A9524B62050}.Release|x64.Build.0 = Release|x64
		{E1E28DD5-A8CC-4A1D-8DFE-2A9524B62050}.Release|x86.ActiveCfg = Release|Win32
		{E1E28DD5-A8CC-4A1D-8DFE-2A9524B62050}.Release|x86.Build.0 = Release|Win32
		{D8AF3CCF-21F4-4670-BA32-B871B8F55FBC}.Debug|x64.ActiveCfg = Debug|x64
		{D8AF3CCF-21F4-4670-BA32-B871B8F55FBC}.Debug|x64.Build.0 = Debug|x64
		{D8AF3CCF-21F4-4670-BA32-B871B8F55FBC}.Debug|x86.ActiveCfg = Debug|Win32
		{D8AF3CCF-21F4-4670-BA32-B871B8F55FBC}.Debug|x86.Build.0 = Debug|Win32
		{D8AF3CCF-21F4-4670-BA32-B871B8F55FBC}.Release|x64.ActiveCfg = Release|x64
		{D8AF3CCF-21F4-4670-BA32-B871B8F55FBC}.Release|x64.Build.0 = Release|x64
		{D8AF3CCF-21F4-4670-BA32-B871B8F55FBC}.Release|x86.ActiveCfg = Release|Win32
		{D8AF3CCF-21F4-4670-BA32-B871B8F55FBC}.Release|x86.Build.0 = Release|Win32
		{9B1F03B6-A6AB-4F15-B1F1-FED84C8544A8}.Debug|x64.ActiveCfg = Debug|x64
		{9B1F03B6-A6AB-4F15-B1F1-FED84C8544A8}.Debug|x64.Build.0 = Debug|x64
		{9B1F03B6-A6AB-4F15-B1F1-FED84C8544A8}.Debug|x86.ActiveCfg = Debug|Win32
		{9B1F03B6-A6AB-4F15-B1F1-FED84C8544A8}.Debug|x86.Build.0 = Debug|Win32
		{9B1F03B6-A6AB-4F15-B1F1-FED84C8544A8}.Release|x64.ActiveCfg = Release|x64
		{9B1F03B6-A6AB-4F15-B1F1-FED84C8544A8}.Release|x64.Build.0 = Release|x64
		{9B1F03B6-A6AB-4F15-B1F1-FED84C8544A8}.Release|x86.ActiveCfg = Release|Win32
		{9B1F03B6-A6AB-4F15-B1F1-FED84C8544A8}.Release|x86.Build.0 = Release|Win32
		{969F6D3C-4C32-4073-9C1F-06B07AD213F4}.Debug|x64.ActiveCfg = Debug|x64
		{969F6D3C-4C32-4073-9C1F-06B07AD213F4}.Debug|x64.Build.0 = Debug|x64
		{969F6D3C-4C32-4073-9C1F-06B07AD213F4}.Debug|x86.ActiveCfg = Debug|Win32
		{969F6D3C-4C32-4073-9C1F-06B07AD213F4}.Debug|x86.Build.0 = Debug|Win32
		{969F6D3C-4C32-4073-9C1F-06B07AD213F4}.Release|x64.ActiveCfg = Release|x64
		{969F6D3C-4C32-4073-9C1F-06B07AD213F4}.Release|x64.Build.0 = Release|x64
		{969F6D3C-4C32-4073-9C1F-06B07AD213F4}.Release|x86.ActiveCfg = Release|Win32
		{969F6D3C-4C32-4073-9C1F-06B07AD213F4}.Release|x86.Build.0 = Release|Win32
		{19428F83-3F48-42D9-B5C9-DE5E9972E226}.Debug|x64.ActiveCfg = Debug|x64
		{19428F83-3F48-42D9-B5C9-DE5E9972E226}.Debug|x64.Build.0 = Debug|x64
		{19428F83-3F48-42D9-B5C9-DE5E9972E226}.Debug|x86.ActiveCfg = Debug|Win32
		{19428F83-3F48-42D9-B5C9-DE5E9972E226}.Debug|x86.Build.0 = Debug|Win32
		{19428F83-3F48-42D9-B5C9-DE5E9972E226}.Release|x64.ActiveCfg = Release|x64
		{19428F83-3F48-42D9-B5C9-DE5E9972E226}.Release|x64.Build.0 = Release|x64
		{19428F83-3F48-42D9-B5C9-DE5E9972E226}.Release|x86.ActiveCfg = Release|Win32
		{19428F83-3F48-42D9-B5C9-DE5E9972E226}.Release|x86.Build.0 = Release|Win32
		{A47E4004-EE38-4A40-902A-3F12A816B99C}.Debug|x64.ActiveCfg = Debug|x64
		{A47E4004-EE38-4A40-902A-3F12A816B99C}.Debug|x64.Build.0 = Debug|x64
		{A47E4004-EE38-4A40-902A-3F12A816B99C}.Debug|x86.ActiveCfg = Debug|Win32
		{A47E4004-EE38-4A40-902A-3F12A816B99C}.Debug|x86.Build.0 = Debug|Win32
		{A47E4004-EE38-4A40-902A-3F12A816B99C}.Release|x64.ActiveCfg = Release|x64
		{A47E4004-EE38-4A40-902A-3F12A816B99C}.Release|x64.Build.0 = Release|x64
		{A47E4004-EE38-4A40-902A-3F12A816B99C}.Release|x86.ActiveCfg = Release|Win32
		{A47E4004-EE38-4A40-902A-3F12A816B99C}.Release|x86.Build.0 = Release|Win32
		{C268DFD5-CFEC-488D-A8BE-635E7FB50CA5}.Debug|x64.ActiveCfg = Debug|x64
		{C268DFD5-CFEC-488D-A8BE-635E7FB50CA5}.Debug|x64.Build.0 = Debug|x64
		{C268DFD5-CFEC-488D-A8BE-635E7FB50CA5}.Debug|x86.ActiveCfg = Debug|Win32
		{C268DFD5-CFEC-488D-A8BE-635E7FB50CA5}.Debug|x86.Build.0 = Debug|Win32
		{C268DFD5-CFEC-488D-A8BE-635E7FB50CA5}.Release|x64.ActiveCfg = Release|x64
		{C268DFD5-CFEC-488D-A8BE-635E7FB50CA5}.Release|x64.Build.0 = Release|x64
		{C268DFD5-CFEC-488D-A8BE-635E7FB50CA5}.Release|x86.ActiveCfg = Release|Win32
		{C268DFD5-CFEC-488D-A8BE-635E7FB50CA5}.Release|x86.Build.0 = Release|Win32
		{509153F1-E5D0-4364-812F-810BB410D163}.Debug|x64.ActiveCfg = Debug|x64
		{509153F1-E5D0-4364-812F-810BB410D163}.Debug|x64.Build.0 = Debug|x64
		{509153F1-E5D0-4364-812F-810BB410D163}.Debug|x86.ActiveCfg = Debug|Win32
		{509153F1-E5D0-4364-812F-810BB410D163}.Debug|x86.Build.0 = Debug|Win32
		{509153F1-E5D0-4364-812F-810BB410D163}.Release|x64.ActiveCfg = Release|x64
		{509153F1-E5D0-4364-812F-810BB410D163}.Release|x64.Build.0 = Release|x64
		{509153F1-E5D0-4364-812F-810BB410D163}.Release|x86.ActiveCfg = Release|Win32
		{509153F1-E5D0-4364-812F-810BB410D163}.Release|x86.Build.0 = Release|Win32
		{1A96DA79-ABAE-4DF9-85B9-98DE17B153EB}.Debug|x64.ActiveCfg = Debug|x64
		{1A96DA79-ABAE-4DF9-85B9-98DE17B153EB}.Debug|x64.Build.0 = Debug|x64
		{1A96DA79-ABAE-4DF9-85B9-98DE17B153EB}.Debug|x86.ActiveCfg = Debug|Win32
		{1A96DA79-ABAE-4DF9-85B9-98DE17B153EB}.Debug|x86.Build.0 = Debug|Win32
		{1A96DA79-ABAE-4DF9-85B9-98DE17B153EB}.Release|x64.ActiveCfg = Release|x64
		{1A96DA79-ABAE-4DF9-85B9-98DE17B153EB}.Release|x64.Build.0 = Release|x64
		{1A96DA79-ABAE-4DF9-85B9-98DE17B153EB}.Release|x86.ActiveCfg = Release|Win32
		{1A96DA79-ABAE-4DF9-85B9-98DE17B153EB}.Release|x86.Build.0 = Release|Win32
		{C7F53203-23CD-4FE4-920D-217052D39A22}.Debug|x64.ActiveCfg = Debug|x64
		{C7F53203-23CD-4FE4-920D-217052D39A22}.Debug|x64.Build.0 = Debug|x64
		{C7F53203-23CD-4FE4-920D-217052D39A22}.Debug|x86.ActiveCfg = Debug|Win32
		{C7F53203-23CD-4FE4-920D-217052D39A22}.Debug|x86.Build.0 = Debug|Win32
		{C7F53203-23CD-4FE4-920D-217052D39A22}.Release|x64.ActiveCfg = Release|x64
		{C7F53203-23CD-4FE4-920D-217052D39A22}.Release|x64.Build.0 = Release|x64
		{C7F53203-23CD-4FE4-920D-217052D39A22}.Release|x86.ActiveCfg = Release|Win32
		{C7F53203-23CD-4FE4-920D-217052D39A22}.Release|x86.Build.0 = Release|Win32
		{48892C2B-A337-4E95-8216-D7BB556C74F0}.Debug|x64.ActiveCfg = Debug|x64
		{48892C2B-A337-4E95-8216-D7BB556C74F0}.Debug|x64.Build.0 = Debug|x64
		{48892C2B-A337-4E95-8216-D7BB556C74F0}.Debug|x86.ActiveCfg = Debug|Win32
		{48892C2B-A337-4E95-8216-D7BB556C74F0}.Debug|x86.Build.0 = Debug|Win32
		{48892C2B-A337-4E95-8216-D7BB556C74F0}.Release|x64.ActiveCfg = Release|x64
		{48892C2B-A337-4E95-8216-D7BB556C74F0}.Release|x64.Build.0 = Release|x64
		{48892C2B-A337-4E95-8216-D7BB556C74F0}.Release|x86.ActiveCfg = Release|Win32
		{48892C2B-A337-4E95-8216-D7BB556C74F0}.Release|x86.Build.0 = Release|Win32
		{12890FA2-D59B-4650-BC4D-964CDC72F322}.Debug|x64.ActiveCfg = Debug|x64
		{12890FA2-D59B-4650-BC4D-964CDC72F322}.Debug|x64.Build.0 = Debug|x64
		{12890FA2-D59B-4650-BC4D-964CDC72F322}.Debug|x86.ActiveCfg = Debug|Win32
		{12890FA2-D59B-4650-BC4D-964CDC72F322}.Debug|x86.Build.0 = Debug|Win32
		{12890FA2-D59B-4650-BC4D-964CDC72F322}.Release|x64.ActiveCfg = Release|x64
		{12890FA2-D59B-4650-BC4D-964CDC72F322}.Release|x64.Build.0 = Release|x64
		{12890FA2-D59B-4650-BC4D-964CDC72F322}.Release|x86.ActiveCfg = Release|Win32
		{12890FA2-D59B-4650-BC4D-964CDC72F322}.Release|x86.Build.0 = Release|Win32
		{3FDF9094-D3CC-4FB7-8760-9D197CFB81AA}.Debug|x64.ActiveCfg = Debug|x64
		{3FDF9094-D3CC-4FB7-8760-9D197CFB81AA}.Debug|x64.Build.0 = Debug|x64
		{3FDF9094-D3CC-4FB7-8760-9D197CFB81AA}.Debug|x86.ActiveCfg = Debug|Win32
		{3FDF9094-D3CC-4FB7-8760-9D197CFB81AA}.Debug|x86.Build.0 = Debug|Win32
		{3FDF9094-D3CC-4FB7-8760-9D197CFB81AA}.Release|x64.ActiveCfg = Release|x64
		{3FDF9094-D3CC-4FB7-8760-9D197CFB81AA}.Release|x64.Build.0 = Release|x64
		{3FDF9094-D3CC-4FB7-8760-9D197CFB81AA}.Release|x86.ActiveCfg = Release|Win32
		{3FDF9094-D3CC-4FB7-8760-9D197CFB81AA}.Release|x86.Build.0 = Release|Win32
		{BD5DB67A-4DBB-4640-A108-7A40BAEC0AB1}.Debug|x64.ActiveCfg = Debug|x64
		{BD5DB67A-4DBB-4640-A108-7A40BAEC0AB1}.Debug|x64.Build.0 = Debug|x64
		{BD5DB67A-4DBB-4640-A108-7A40BAEC0AB1}.Debug|x86.ActiveCfg = Debug|Win32
		{BD5DB67A-4DBB-4640-A108-7A40BAEC0AB1}.Debug|x86.Build.0 = Debug|Win32
		{BD5DB67A-4DBB-4640-A108-7A40BAEC0AB1}.Release|x64.ActiveCfg = Release|x64
		{BD5DB67A-4DBB-4640-A108-7A40BAEC0AB1}.Release|x64.Build.0 = Release|x64
		{BD5DB67A-4DBB-4640-A108-7A40BAEC0AB1}.Release|x86.ActiveCfg = Release|Win32
		{BD5DB67A-4DBB-4640-A108-7A40BAEC0AB1}.Release|x86.Build.0 = Release|Win32
		{AB212C25-8444-4BAE-ACC6-CEB17CB17BBE}.Debug|x64.ActiveCfg = Debug|x64
		{AB212C25-8444-4BAE-ACC6-CEB17CB17BBE}.Debug|x64.Build.0 = Debug|x64
		{AB212C25-8444-4BAE-ACC6-CEB17CB17BBE}.Debug|x86.ActiveCfg = Debug|Win32
		{AB212C25-8444-4BAE-ACC6-CEB17CB17BBE}.Debug|x86.Build.0 = Debug|Win32
		{AB212C25-8444-4BAE-ACC6-CEB17CB17BBE}.Release|x64.ActiveCfg = Release|x64
		{AB212C25-8444-4BAE-ACC6-CEB17CB17BBE}.Release|x64.Build.0 = Release|x64
		{AB212C25-8444-4BAE-ACC6-CEB17CB17BBE}.Release|x86.ActiveCfg = Release|Win32
		{AB212C25-8444-4BAE-ACC6-CEB17CB17BBE}.Release|x86.Build.0 = Release|Win32
		{C3918AAF-CC58-40C1-B246-C4B9A9D387AD}.Debug|x64.ActiveCfg = Debug|x64
		{C3918AAF-CC58-40C1-B246-C4B9A9D387AD}.Debug|x64.Build.0 = Debug|x64
		{C3918AAF-CC58-40C1-B246-C4B9A9D387AD}.Debug|x86.ActiveCfg = Debug|Win32
		{C3918AAF-CC58-40C1-B246-C4B9A9D387AD}.Debug|x86.Build.0 = Debug|Win32
		{C3918AAF-CC58-40C1-B246-C4B9A9D387AD}.Release|x64.ActiveCfg = Release|x64
		{C3918AAF-CC58-40C1-B246-C4B9A9D387AD}.Release|x64.Build.0 = Release|x64
		{C3918AAF-CC58-40C1-B246-C4B9A9D387AD}.Release|x86.ActiveCfg = Release|Win32
		{C3918AAF-CC58-40C1-B246-C4B9A9D387AD}.Release|x86.Build.0 = Release|Win32
		{BFE32FC2-7D9E-4DF1-B797-99E6BED0A1B1}.Debug|x64.ActiveCfg = Debug|x64
		{BFE32FC2-7D9E-4DF1-B797-99E6BED0A1B1}.Debug|x64.Build.0 = Debug|x64
		{BFE32FC2-7D9E-4DF1-B797-99E6BED0A1B1}.Debug|x86.ActiveCfg = Debug|Win32
		{BFE32FC2-7D9E-4DF1-B797-99E6BED0A1B1}.Debug|x86.Build.0 = Debug|Win32
		{BFE32FC2-7D9E-4DF1-B797-99E6BED0A1B1}.Release|x64.ActiveCfg = Release|x64
		{BFE32FC2-7D9E-4DF1-B797-99E6BED0A1B1}.Release|x64.Build.0 = Release|x64
		{BFE32FC2-7D9E-4DF1-B797-99E6BED0A1B1}.Release|x86.ActiveCfg = Release|Win32
		{BFE32FC2-7D9E-4DF1-B797-99E6BED0A1B1}.Release|x86.Build.0 = Release|Win32
		{60229687-65AF-473D-9EF4-21FDADF336DD}.Debug|x64.ActiveCfg = Debug|x64
		{60229687-65AF-473D-9EF4-21FDADF336DD}.Debug|x64.Build.0 = Debug|x64
		{60229687-65AF-473D-9EF4-21FDADF336DD}.Debug|x86.ActiveCfg = Debug|Win32
		{60229687-65AF-473D-9EF4-21FDADF336DD}.Debug|x86.Build.0 = Debug|Win32
		{60229687-65AF-473D-9EF4-21FDADF336DD}.Release|x64.ActiveCfg = Release|x64
		{60229687-65AF-473D-9EF4-21FDADF336DD}.Release|x64.Build.0 = Release|x64
		{60229687-65AF-473D-9EF4-21FDADF336DD}.Release|x86.ActiveCfg = Release|Win32
		{60229687-65AF-473D-9EF4-21FDADF336DD}.Release|x86.Build.0 = Release|Win32
		{62BA6C85-AC7F-4B9B-9BBA-D51D86C0C3A2}.Debug|x64.ActiveCfg = Debug|x64
		{62BA6C85-AC7F-4B9B-9BBA-D51D86C0C3A2}.Debug|x64.Build.0 = Debug|x64
		{62BA6C85-AC7F-4B9B-9BBA-D51D86C0C3A2}.Debug|x86.ActiveCfg = Debug|Win32
		{62BA6C85-AC7F-4B9B-9BBA-D51D86C0C3A2}.Debug|x86.Build.0 = Debug|Win32
		{62BA6C85-AC7F-4B9B-9BBA-D51D86C0C3A2}.Release|x64.ActiveCfg = Release|x64
		{62BA6C85-AC7F-4B9B-9BBA-D51D86C0C3A2}.Release|x64.Build.0 = Release|x64
		{62BA6C85-AC7F-4B9B-9BBA-D51D86C0C3A2}.Release|x86.ActiveCfg = Release|Win32
		{62BA6C85-AC7F-4B9B-9BBA-D51D86C0C3A2}.Release|x86.Build.0 = Release|Win32
		{E199B4A0-BA48-487F-BDD0-5949DB0F5A16}.Debug|x64.ActiveCfg = Debug|x64
		{E199B4A0-BA48-487F-BDD0-5949DB0F5A16}.Debug|x64.Build.0 = Debug|x64
		{E199B4A0-BA48-487F-BDD0-5949DB0F5A16}.Debug|x86.ActiveCfg = Debug|Win32
		{E199B4A0-BA48-487F-BDD0-5949DB0F5A16}.Debug|x86.Build.0 = Debug|Win32
		{E199B4A0-BA48-487F-BDD0-5949DB0F5A16}.Release|x64.ActiveCfg = Release|x64
		{E199B4A0-BA48-487F-BDD0-5949DB0F5A16}.Release|x64.Build.0 = Release|x64
		{E199B4A0-BA48-487F-BDD0-5949DB0F5A16}.Release|x86.ActiveCfg = Release|Win32
		{E199B4A0-BA48-487F-BDD0-5949DB0F5A16}.Release|x86.Build.0 = Release|Win32
		{AA1E3539-E452-4C40-BFA6-66F409E3AEAD}.Debug|x64.ActiveCfg = Debug|x64
		{AA1E3539-E452-4C40-BFA6-66F409E3AEAD}.Debug|x64.Build.0 = Debug|x64
		{AA1E3539-E452-4C40-BFA6-66F409E3AEAD}.Debug|x86.ActiveCfg = Debug|Win32
		{AA1E3539-E452-4C40-BFA6-66F409E3AEAD}.Debug|x86.Build.0 = Debug|Win32
		{AA1E3539-E452-4C40-BFA6-66F409E3AEAD}.Release|x64.ActiveCfg = Release|x64
		{AA1E3539-E452-4C40-BFA6-66F409E3AEAD}.Release|x64.Build.0 = Release|x64
		{AA1E3539-E452-4C40-BFA6-66F409E3AEAD}.Release|x86.ActiveCfg = Release|Win32
		{AA1E3539-E452-4C40-BFA6-66F409E3AEAD}.Release|x86.Build.0 = Release|Win32
		{00112EA5-7448-4953-9AF8-CEA4F643BED0}.Debug|x64.ActiveCfg = Debug|x64
		{00112EA5-7448-4953-9AF8-CEA4F643BED0}.Debug|x64.Build.0 = Debug|x64
		{00112EA5-7448-4953-9AF8-CEA4F643BED0}.Debug|x86.ActiveCfg = Debug|Win32
		{00112EA5-7448-4953-9AF8-CEA4F643BED0}.Debug|x86.Build.0 = Debug|Win32
		{00112EA5-7448-4953-9AF8-CEA4F643BED0}.Release|x64.ActiveCfg = Release|x64
		{00112EA5-7448-4953-9AF8-CEA4F643BED0}.Release|x64.Build.0 = Release|x64
		{00112EA5-7448-4953-9AF8-CEA4F643BED0}.Release|x86.ActiveCfg = Release|Win32
		{00112EA5-7448-4953-9AF8-CEA4F643BED0}.Release|x86.Build.0 = Release|Win32
		{95B8F0D8-279A-401B-9E81-E9542E3F26C1}.Debug|x64.ActiveCfg = Debug|x64
		{95B8F0D8-279A-401B-9E81-E9542E3F26C1}.Debug|x64.Build.0 = Debug|x64
		{95B8F0D8-279A-401B-9E81-E9542E3F26C1}.Debug|x86.ActiveCfg = Debug|Win32
		{95B8F0D8-279A-401B-9E81-E9542E3F26C1}.Debug|x86.Build.0 = Debug|Win32
		{95B8F0D8-279A-401B-9E81-E9542E3F26C1}.Release|x64.ActiveCfg = Release|x64
		{95B8F0D8-279A-401B-9E81-E9542E3F26C1}.Release|x64.Build.0 = Release|x64
		{95B8F0D8-279A-401B-9E81-E9542E3F26C1}.Release|x86.ActiveCfg = Release|Win32
		{95B8F0D8-279A-401B-9E81-E9542E3F26C1}.Release|x86.Build.0 = Release|Win32
		{AE4AD7AA-357B-4946-8563-36CB9335115A}.Debug|x64.ActiveCfg = Debug|x64
		{AE4AD7AA-357B-4946-8563-36CB9335115A}.Debug|x64.Build.0 = Debug|x64
		{AE4AD7AA-357B-4946-8563-36CB9335115A}.Debug|x86.ActiveCfg = Debug|Win32
		{AE4AD7AA-357B-4946-8563-36CB9335115A}.Debug|x86.Build.0 = Debug|Win32
		{AE4AD7AA-357B-4946-8563-36CB9335115A}.Release|x64.ActiveCfg = Release|x64
		{AE4AD7AA-357B-4946-8563-36CB9335115A}.Release|x64.Build.0 = Release|x64
		{AE4AD7AA-357B-4946-8563-36CB9335115A}.Release|x86.ActiveCfg = Release|Win32
		{AE4AD7AA-357B-4946-8563-36CB9335115A}.Release|x86.Build.0 = Release|Win32
		{3C4AC87F-438F-4825-A056-7268AB95F169}.Debug|x64.ActiveCfg = Debug|x64
		{3C4AC87F-438F-4825-A056-7268AB95F169}.Debug|x64.Build.0 = Debug|x64
		{3C4AC87F-438F-4825-A056-7268AB95F169}.Debug|x86.ActiveCfg = Debug|Win32
		{3C4AC87F-438F-4825-A056-7268AB95F169}.Debug|x86.Build.0 = Debug|Win32
		{3C4AC87F-438F-4825-A056-7268AB95F169}.Release|x64.ActiveCfg = Release|x64
		{3C4AC87F-438F-4825-A056-7268AB95F169}.Release|x64.Build.0 = Release|x64
		{3C4AC87F-438F-4825-A056-7268AB95F169}.Release|x86.ActiveCfg = Release|Win32
		{3C4AC87F-438F-4825-A056-7268AB95F169}.Release|x86.Build.0 = Release|Win32
		{5EC63190-C2C5-4B72-8210-F04D1B2852E6}.Debug|x64.ActiveCfg = Debug|x64
		{5EC63190-C2C5-4B72-8210-F04D1B2852E6}.Debug|x64.Build.0 = Debug|x64
		{5EC63190-C2C5-4B72-8210-F04D1B2852E6}.Debug|x86.ActiveCfg = Debug|Win32
		{5EC63190-C2C5-4B72-8210-F04D1B2852E6}.Debug|x86.Build.0 = Debug|Win32
		{5EC63190-C2C5-4B72-8210-F04D1B2852E6}.Release|x64.ActiveCfg = Release|x64
		{5EC63190-C2C5-4B72-8210-F04D1B2852E6}.Release|x64.Build.0 = Release|x64
		{5EC63190-C2C5-4B72-8210-F04D1B2852E6}.Release|x86.ActiveCfg = Release|Win32
		{5EC63190-C2C5-4B72-8210-F04D1B2852E6}.Release|x86.Build.0 = Release|Win32
		{28EB7F2F-0A4B-412E-A915-50E0B2BFA226}.Debug|x64.ActiveCfg = Debug|x64
		{28EB7F2F-0A4B-412E-A915-50E0B2BFA226}.Debug|x64.Build.0 = Debug|x64
		{28EB7F2F-0A4B-412E-A915-50E0B2BFA226}.Debug|x86.ActiveCfg = Debug|Win32
		{28EB7F2F-0A4B-412E-A915-50E0B2BFA226}.Debug|x86.Build.0 = Debug|Win32
		{28EB7F2F-0A4B-412E-A915-50E0B2BFA226}.Release|x64.ActiveCfg = Release|x64
		{28EB7F2F-0A4B-412E-A915-50E0B2BFA226}.Release|x64.Build.0 = Release|x64
		{28EB7F2F-0A4B-412E-A915-50E0B2BFA226}.Release|x86.ActiveCfg = Release|Win32
		{28EB7F2F-0A4B-412E-A915-50E0B2BFA226}.Release|x86.Build.0 = Release|Win32
		{9305DB2F-81F4-4E36-B1EA-A841EF886FD9}.Debug|x64.ActiveCfg = Debug|x64
		{9305DB2F-81F4-4E36-B1EA-A841EF886FD9}.Debug|x64.Build.0 = Debug|x64
		{9305DB2F-81F4-4E36-B1EA-A841EF886FD9}.Debug|x86.ActiveCfg = Debug|Win32
		{9305DB2F-81F4-4E36-B1EA-A841EF886FD9}.Debug|x86.Build.0 = Debug|Win32
		{9305DB2F-81F4-4E36-B1EA-A841EF886FD9}.Release|x64.ActiveCfg = Release|x64
		{9305DB2F-81F4-4E36-B1EA-A841EF886FD9}.Release|x64.Build.0 = Release|x64
		{9305DB2F-81F4-4E36-B1EA-A841EF886FD9}.Release|x86.ActiveCfg = Release|Win32
		{9305DB2F-81F4-4E36-B1EA-A841EF886FD9}.Release|x86.Build.0 = Release|Win32
		{C7629376-1503-454B-BEAA-0D27500EFBA4}.Debug|x64.ActiveCfg = Debug|x64
		{C7629376-1503-454B-BEAA-0D27500EFBA4}.Debug|x64.Build.0 = Debug|x64
		{C7629376-1503-454B-BEAA-0D27500EFBA4}.Debug|x86.ActiveCfg = Debug|Win32
		{C7629376-1503-454B-BEAA-0D27500EFBA4}.Debug|x86.Build.0 = Debug|Win32
		{C7629376-1503-454B-BEAA-0D27500EFBA4}.Release|x64.ActiveCfg = Release|x64
		{C7629376-1503-454B-BEAA-0D27500EFBA4}.Release|x64.Build.0 = Release|x64
		{C7629376-1503-454B-BEAA-0D27500EFBA4}.Release|x86.ActiveCfg = Release|Win32
		{C7629376-1503-454B-BEAA-0D27500EFBA4}.Release|x86.Build.0 = Release|Win32
		{A7DDDC86-F3CB-4659-8B4B-02E69DBFAD19}.Debug|x64.ActiveCfg = Debug|x64
		{A7DDDC86-F3CB-4659-8B4B-02E69DBFAD19}.Debug|x64.Build.0 = Debug|x64
		{A7DDDC86-F3CB-4659-8B4B-02E69DBFAD19}.Debug|x86.ActiveCfg = Debug|Win32
		{A7DDDC86-F3CB-4659-8B4B-02E69DBFAD19}.Debug|x86.Build.0 = Debug|Win32
		{A7DDDC86-F3CB-4659-8B4B-02E69DBFAD19}.Release|x64.ActiveCfg = Release|x64
		{A7DDDC86-F3CB-4659-8B4B-02E69DBFAD19}.Release|x64.Build.0 = Release|x64
		{A7DDDC86-F3CB-4659-8B4B-02E69DBFAD19}.Release|x86.ActiveCfg = Release|Win32
		{A7DDDC86-F3CB-4659-8B4B-02E69DBFAD19}.Release|x86.Build.0 = Release|Win32
		{3A76433F-D8A1-4C92-8D6E-953F715F04DF}.Debug|x64.ActiveCfg = Debug|x64
		{3A76433F-D8A1-4C92-8D6E-953F715F04DF}.Debug|x64.Build.0 = Debug|x64
		{3A76433F-D8A1-4C92-8D6E-953F715F04DF}.Debug|x86.ActiveCfg = Debug|Win32
		{3A76433F-D8A1-4C92-8D6E-953F715F04DF}.Debug|x86.Build.0 = Debug|Win32
		{3A76433F-D8A1-4C92-8D6E-953F715F04DF}.Release|x64.ActiveCfg = Release|x64
		{3A76433F-D8A1-4C92-8D6E-953F715F04DF}.Release|x64.Build.0 = Release|x64
		{3A76433F-D8A1-4C92-8D6E-953F715F04DF}.Release|x86.ActiveCfg = Release|Win32
		{3A76433F-D8A1-4C92-8D6E-953F715F04DF}.Release|x86.Build.0 = Release|Win32
		{4D495C0A-95C8-4F60-8046-344EABDB4C42}.Debug|x64.ActiveCfg = Debug|x64
		{4D495C0A-95C8-4F60-8046-344EABDB4C42}.Debug|x64.Build.0 = Debug|x64
		{4D495C0A-95C8-4F60-8046-344EABDB4C42}.Debug|x86.ActiveCfg = Debug|Win32
		{4D495C0A-95C8-4F60-8046-344EABDB4C42}.Debug|x86.Build.0 = Debug|Win32
		{4D495C0A-95C8-4F60-8046-344EABDB4C42}.Release|x64.ActiveCfg = Release|x64
		{4D495C0A-95C8-4F60-8046-344EABDB4C42}.Release|x64.Build.0 = Release|x64
		{4D495C0A-95C8-4F60-8046-344EABDB4C42}.Release|x86.ActiveCfg = Release|Win32
		{4D495C0A-95C8-4F60-8046-344EABDB4C42}.Release|x86.Build.0 = Release|Win32
		{5167F831-6524-48AA-B908-CCAB3D314C22}.Debug|x64.ActiveCfg = Debug|x64
		{5167F831-6524-48AA-B908-CCAB3D314C22}.Debug|x64.Build.0 = Debug|x64
		{5167F831-6524-48AA-B908-CCAB3D314C22}.Debug|x86.ActiveCfg = Debug|Win32
		{5167F831-6524-48AA-B908-CCAB3D314C22}.Debug|x86.Build.0 = Debug|Win32
		{5167F831-6524-48AA-B908-CCAB3D314C22}.Release|x64.ActiveCfg = Release|x64
		{5167F831-6524-48AA-B908-CCAB3D314C22}.Release|x64.Build.0 = Release|x64
		{5167F831-6524-48AA-B908-CCAB3D314C22}.Release|x86.ActiveCfg = Release|Win32
		{5167F831-6524-48AA-B908-CCAB3D314C22}.Release|x86.Build.0 = Release|Win32
		{F31C2788-2D78-4719-B6E9-4F80DD024C7C}.Debug|x64.ActiveCfg = Debug|x64
		{F31C2788-2D78-4719-B6E9-4F80DD024C7C}.Debug|x64.Build.0 = Debug|x64
		{F31C2788-2D78-4719-B6E9-4F80DD024C7C}.Debug|x86.ActiveCfg = Debug|Win32
		{F31C2788-2D78-4719-B6E9-4F80DD024C7C}.Debug|x86.Build.0 = Debug|Win32
		{F31C2788-2D78-4719-B6E9-4F80DD024C7C}.Release|x64.ActiveCfg = Release|x64
		{F31C2788-2D78-4719-B6E9-4F80DD024C7C}.Release|x64.Build.0 = Release|x64
		{F31C2788-2D78-4719-B6E9-4F80DD024C7C}.Release|x86.ActiveCfg = Release|Win32
		{F31C2788-2D78-4719-B6E9-4F80DD024C7C}.Release|x86.Build.0 = Release|Win32
		{90B90DDC-0E9B-4618-B37C-EAE0EE2457EB}.Debug|x64.ActiveCfg = Debug|x64
		{90B90DDC-0E9B-4618-B37C-EAE0EE2457EB}.Debug|x64.Build.0 = Debug|x64
		{90B90DDC-0E9B-4618-B37C-EAE0EE2457EB}.Debug|x86.ActiveCfg = Debug|Win32
		{90B90DDC-0E9B-4618-B37C-EAE0EE2457EB}.Debug|x86.Build.0 = Debug|Win32
		{90B90DDC-0E9B-4618-B37C-EAE0EE2457EB}.Release|x64.ActiveCfg = Release|x64
		{90B90DDC-0E9B-4618-B37C-EAE0EE2457EB}.Release|x64.Build.0 = Release|x64
		{90B90DDC-0E9B-4618-B37C-EAE0EE2457EB}.Release|x86.ActiveCfg = Release|Win32
		{90B90DDC-0E9B-4618-B37C-EAE0EE2457EB}.Release|x86.Build.0 = Release|Win32
		{20BD28A4-C692-411F-924F-0229FF438560}.Debug|x64.ActiveCfg = Debug|x64
		{20BD28A4-C692-411F-924F-0229FF438560}.Debug|x64.Build.0 = Debug|x64
		{20BD28A4-C692-411F-924F-0229FF438560}.Debug|x86.ActiveCfg = Debug|Win32
		{20BD28A4-C692-411F-924F-0229FF438560}.Debug|x86.Build.0 = Debug|Win32
		{20BD28A4-C692-411F-924F-0229FF438560}.Release|x64.ActiveCfg = Release|x64
		{20BD28A4-C692-411F-924F-0229FF438560}.Release|x64.Build.0 = Release|x64
		{20BD28A4-C692-411F-924F-0229FF438560}.Release|x86.ActiveCfg = Release|Win32
		{20BD28A4-C692-411F-924F-0229FF438560}.Release|x86.Build.0 = Release|Win32
		{C0D71B52-21E1-49A5-9B2B-5BD1D1E83A4B}.Debug|x64.ActiveCfg = Debug|x64
		{C0D71B52-21E1-49A5-9B2B-5BD1D1E83A4B}.Debug|x64.Build.0 = Debug|x64
		{C0D71B52-21E1-49A5-9B2B-5BD1D1E83A4B}.Debug|x86.ActiveCfg = Debug|Win32
		{C0D71B52-21E1-49A5-9B2B-5BD1D1E83A4B}.Debug|x86.Build.0 = Debug|Win32
		{C0D71B52-21E1-49A5-9B2B-5BD1D1E83A4B}.Release|x64.ActiveCfg = Release|x64
		{C0D71B52-21E1-49A5-9B2B-5BD1D1E83A4B}.Release|x64.Build.0 = Release|x64
		{C0D71B52-21E1-49A5-9B2B-5BD1D1E83A4B}.Release|x86.ActiveCfg = Release|Win32
		{C0D71B52-21E1-49A5-9B2B-5BD1D1E83A4B}.Release|x86.Build.0 = Release|Win32
		{BC402A81-28B5-41EA-AB0B-234E5CB5134A}.Debug|x64.ActiveCfg = Debug|x64
		{BC402A81-28B5-41EA-AB0B-234E5CB5134A}.Debug|x64.Build.0 = Debug|x64
		{BC402A81-28B5-41EA-AB0B-234E5CB5134A}.Debug|x86.ActiveCfg = Debug|Win32
		{BC402A81-28B5-41EA-AB0B-234E5CB5134A}.Debug|x86.Build.0 = Debug|Win32
		{BC402A81-28B5-41EA-AB0B-234E5CB5134A}.Release|x64.ActiveCfg = Release|x64
		{BC402A81-28B5-41EA-AB0B-234E5CB5134A}.Release|x64.Build.0 = Release|x64
		{BC402A81-28B5-41EA-AB0B-234E5CB5134A}.Release|x86.ActiveCfg = Release|Win32
		{BC402A81-28B5-41EA-AB0B-234E5CB5134A}.Release|x86.Build.0 = Release|Win32
		{D7E3A78C-A8AB-4277-A26C-9CADCA6877A2}.Debug|x64.ActiveCfg = Debug|x64
		{D7E3A78C-A8AB-4277-A26C-9CADCA6877A2}.Debug|x64.Build.0 = Debug|x64
		{D7E3A78C-A8AB-4277-A26C-9CADCA6877A2}.Debug|x86.ActiveCfg = Debug|Win32
		{D7E3A78C-A8AB-4277-A26C-9CADCA6877A2}.Debug|x86.Build.0 = Debug|Win32
		{D7E3A78C-A8AB-4277-A26C-9CADCA6877A2}.Release|x64.ActiveCfg = Release|x64
		{D7E3A78C-A8AB-4277-A26C-9CADCA6877A2}.Release|x64.Build.0 = Release|x64
		{D7E3A78C-A8AB-4277-A26C-9CADCA6877A2}.Release|x86.ActiveCfg = Release|Win32
		{D7E3A78C-A8AB-4277-A26C-9CADCA6877A2}.Release|x86.Build.0 = Release|Win32
		{F1E740F6-E7FD-4A1E-8A35-588C189DCC7C}.Debug|x64.ActiveCfg = Debug|x64
		{F1E740F6-E7FD-4A1E-8A35-588C189DCC7C}.Debug|x64.Build.0 = Debug|x64
		{F1E740F6-E7FD-4A1E-8A35-588C189DCC7C}.Debug|x86.ActiveCfg = Debug|Win32
		{F1E740F6-E7FD-4A1E-8A35-588C189DCC7C}.Debug|x86.Build.0 = Debug|Win32
		{F1E740F6-E7FD-4A1E-8A35-588C189DCC7C}.Release|x64.ActiveCfg = Release|x64
		{F1E740F6-E7FD-4A1E-8A35-588C189DCC7C}.Release|x64.Build.0 = Release|x64
		{F1E740F6-E7FD-4A1E-8A35-588C189DCC7C}.Release|x86.ActiveCfg = Release|Win32
		{F1E740F6-E7FD-4A1E-8A35-588C189DCC7C}.Release|x86.Build.0 = Release|Win32
		{9B6F26DB-9FB2-4B1B-A97A-7D1D77C1AC11}.Debug|x64.ActiveCfg = Debug|x64
		{9B6F26DB-9FB2-4B1B-A97A-7D1D77C1AC11}.Debug|x64.Build.0 = Debug|x64
		{9B6F26DB-9FB2-4B1B-A97A-7D1D77C1AC11}.Debug|x86.ActiveCfg = Debug|Win32
		{9B6F26DB-9FB2-4B1B-A97A-7D1D77C1AC11}.Debug|x86.Build.0 = Debug|Win32
		{9B6F26DB-9FB2-4B1B-A97A-7D1D77C1AC11}.Release|x64.ActiveCfg = Release|x64
		{9B6F26DB-9FB2-4B1B-A97A-7D1D77C1AC11}.Release|x64.Build.0 = Release|x64
		{9B6F26DB-9FB2-4B1B-A97A-7D1D77C1AC11}.Release|x86.ActiveCfg = Release|Win32
		{9B6F26DB-9FB2-4B1B-A97A-7D1D77C1AC11}.Release|x86.Build.0 = Release|Win32
		{1753292D-531F-4B6B-86F9-DDE9C5809874}.Debug|x64.ActiveCfg = Debug|x64
		{1753292D-531F-4B6B-86F9-DDE9C5809874}.Debug|x64.Build.0 = Debug|x64
		{1753292D-531F-4B6B-86F9-DDE9C5809874}.Debug|x86.ActiveCfg = Debug|Win32
		{1753292D-531F-4B6B-86F9-DDE9C5809874}.Debug|x86.Build.0 = Debug|Win32
		{1753292D-531F-4B6B-86F9-DDE9C5809874}.Release|x64.ActiveCfg = Release|x64
		{1753292D-531F-4B6B-86F9-DDE9C5809874}.Release|x64.Build.0 = Release|x64
		{1753292D-531F-4B6B-86F9-DDE9C5809874}.Release|x86.ActiveCfg = Release|Win32
		{1753292D-531F-4B6B-86F9-DDE9C5809874}.Release|x86.Build.0 = Release|Win32
		{18D48BCA-F538-467B-A425-022622230C34}.Debug|x64.ActiveCfg = Debug|x64
		{18D48BCA-F538-467B-A425-022622230C34}.Debug|x64.Build.0 = Debug|x64
		{18D48BCA-F538-467B-A425-022622230C34}.Debug|x86.ActiveCfg = Debug|Win32
		{18D48BCA-F538-467B-A425-022622230C34}.Debug|x86.Build.0 = Debug|Win32
		{18D48BCA-F538-467B-A425-022622230C34}.Release|x64.ActiveCfg = Release|x64
		{18D48BCA-F538-467B-A425-022622230C34}.Release|x64.Build.0 = Release|x64
		{18D48BCA-F538-467B-A425-022622230C34}.Release|x86.ActiveCfg = Release|Win32
		{18D48BCA-F538-467B-A425-022622230C34}.Release|x86.Build.0 = Release|Win32
		{566D2886-8C89-4409-A423-338E9677F463}.Debug|x64.ActiveCfg = Debug|x64
		{566D2886-8C89-4409-A423-338E9677F463}.Debug|x64.Build.0 = Debug|x64
		{566D2886-8C89-4409-A423-338E9677F463}.Debug|x86.ActiveCfg = Debug|Win32
		{566D2886-8C89-4409-A423-338E9677F463}.Debug|x86.Build.0 = Debug|Win32
		{566D2886-8C89-4409-A423-338E9677F463}.Release|x64.ActiveCfg = Release|x64
		{566D2886-8C89-4409-A423-338E9677F463}.Release|x64.Build.0 = Release|x64
		{566D2886-8C89-4409-A423-338E9677F463}.Release|x86.ActiveCfg = Release|Win32
		{566D2886-8C89-4409-A423-338E9677F463}.Release|x86.Build.0 = Release|Win32
		{88F1734D-3154-4564-B3DF-CC574D74F822}.Debug|x64.ActiveCfg = Debug|x64
		{88F1734D-3154-4564-B3DF-CC574D74F822}.Debug|x64.Build.0 = Debug|x64
		{88F1734D-3154-4564-B3DF-CC574D74F822}.Debug|x86.ActiveCfg = Debug|Win32
		{88F1734D-3154-4564-B3DF-CC574D74F822}.Debug|x86.Build.0 = Debug|Win32
		{88F1734D-3154-4564-B3DF-CC574D74F822}.Release|x64.ActiveCfg = Release|x64
		{88F1734D-3154-4564-B3DF-CC574D74F822}.Release|x64.Build.0 = Release|x64
		{88F1734D-3154-4564-B3DF-CC574D74F822}.Release|x86.ActiveCfg = Release|Win32
		{88F1734D-3154-4564-B3DF-CC574D74F822}.Release|x86.Build.0 = Release|Win32
		{8AAF7977-43A2-4E8B-AED7-43741F6A5F95}.Debug|x64.ActiveCfg = Debug|x64
		{8AAF7977-43A2-4E8B-AED7-43741F6A5F95}.Debug|x64.Build.0 = Debug|x64
		{8AAF7977-43A2-4E8B-AED7-43741F6A5F95}.Debug|x86.ActiveCfg = Debug|Win32
		{8AAF7977-43A2-4E8B-AED7-43741F6A5F95}.Debug|x86.Build.0 = Debug|Win32
		{8AAF7977-43A2-4E8B-AED7-43741F6A5F95}.Release|x64.ActiveCfg = Release|x64
		{8AAF7977-43A2-4E8B-AED7-43741F6A5F95}.Release|x64.Build.0 = Release|x64
		{8AAF7977-43A2-4E8B-AED7-43741F6A5F95}.Release|x86.ActiveCfg = Release|Win32
		{8AAF7977-43A2-4E8B-AED7-43741F6A5F95}.Release|x86.Build.0 = Release|Win32
		{7C075416-E325-4CC6-BA68-7AF9CABF7302}.Debug|x64.ActiveCfg = Debug|x64
		{7C075416-E325-4CC6-BA68-7AF9CABF7302}.Debug|x64.Build.0 = Debug|x64
		{7C075416-E325-4CC6-BA68-7AF9CABF7302}.Debug|x86.ActiveCfg = Debug|Win32
		{7C075416-E325-4CC6-BA68-7AF9CABF7302}.Debug|x86.Build.0 = Debug|Win32
		{7C075416-E325-4CC6-BA68-7AF9CABF7302}.Release|x64.ActiveCfg = Release|x64
		{7C075416-E325-4CC6-BA68-7AF9CABF7302}.Release|x64.Build.0 = Release|x64
		{7C075416-E325-4CC6-BA68-7AF9CABF7302}.Release|x86.ActiveCfg = Release|Win32
		{7C075416-E325-4CC6-BA68-7AF9CABF7302}.Release|x86.Build.0 = Release|Win32
		{A587E328-2FD1-413F-9B89-F1D32F52D048}.Debug|x64.ActiveCfg = Debug|x64
		{A587E328-2FD1-413F-9B89-F1D32F52D048}.Debug|x64.Build.0 = Debug|x64
		{A587E328-2FD1-413F-9B89-F1D32F52D048}.Debug|x86.ActiveCfg = Debug|Win32
		{A587E328-2FD1-413F-9B89-F1D32F52D048}.Debug|x86.Build.0 = Debug|Win32
		{A587E328-2FD1-413F-9B89-F1D32F52D048}.Release|x64.ActiveCfg = Release|x64
		{A587E328-2FD1-413F-9B89-F1D32F52D048}.Release|x64.Build.0 = Release|x64
		{A587E328-2FD1-413F-9B89-F1D32F52D048}.Release|x86.ActiveCfg = Release|Win32
		{A587E328-2FD1-413F-9B89-F1D32F52D048}.Release|x86.Build.0 = Release|Win32
		{D1D9582C-64E4-4616-85A2-1182AABFB1C9}.Debug|x64.ActiveCfg = Debug|x64
		{D1D9582C-64E4-4616-85A2-1182AABFB1C9}.Debug|x64.Build.0 = Debug|x64
		{D1D9582C-64E4-4616-85A2-1182AABFB1C9}.Debug|x86.ActiveCfg = Debug|Win32
		{D1D9582C-64E4-4616-85A2-1182AABFB1C9}.Debug|x86.Build.0 = Debug|Win32
		{D1D9582C-64E4-4616-85A2-1182AABFB1C9}.Release|x64.ActiveCfg = Release|x64
		{D1D9582C-64E4-4616-85A2-1182AABFB1C9}.Release|x64.Build.0 = Release|x64
		{D1D9582C-64E4-4616-85A2-1182AABFB1C9}.Release|x86.ActiveCfg = Release|Win32
		{D1D9582C-64E4-4616-85A2-1182AABFB1C9}.Release|x86.Build.0 = Release|Win32
		{3E239496-AA4C-4848-9A2E-17A6E632FD1F}.Debug|x64.ActiveCfg = Debug|x64
		{3E239496-AA4C-4848-9A2E-17A6E632FD1F}.Debug|x64.Build.0 = Debug|x64
		{3E239496-AA4C-4848-9A2E-17A6E632FD1F}.Debug|x86.ActiveCfg = Debug|Win32
		{3E239496-AA4C-4848-9A2E-17A6E632FD1F}.Debug|x86.Build.0 = Debug|Win32
		{3E239496-AA4C-4848-9A2E-17A6E632FD1F}.Release|x64.ActiveCfg = Release|x64
		{3E239496-AA4C-4848-9A2E-17A6E632FD1F}.Release|x64.Build.0 = Release|x64
		{3E239496-AA4C-4848-9A2E-17A6E632FD1F}.Release|x86.ActiveCfg = Release|Win32
		{3E239496-AA4C-4848-9A2E-17A6E632FD1F}.Release|x86.Build.0 = Release|Win32
		{A44641C0-01E6-4B51-B662-01DE9EB2ED5B}.Debug|x64.ActiveCfg = Debug|x64
		{A44641C0-01E6-4B51-B662-01DE9EB2ED5B}.Debug|x64.Build.0 = Debug|x64
		{A44641C0-01E6-4B51-B662-01DE9EB2ED5B}.Debug|x86.ActiveCfg = Debug|Win32
		{A44641C0-01E6-4B51-B662-01DE9EB2ED5B}.Debug|x86.Build.0 = Debug|Win32
		{A44641C0-01E6-4B51-B662-01DE9EB2ED5B}.Release|x64.ActiveCfg = Release|x64
		{A44641C0-01E6-4B51-B662-01DE9EB2ED5B}.Release|x64.Build.0 = Release|x64
		{A44641C0-01E6-4B51-B662-01DE9EB2ED5B}.Release|x86.ActiveCfg = Release|Win32
		{A44641C0-01E6-4B51-B662-01DE9EB2ED5B}.Release|x86.Build.0 = Release|Win32
		{54B5011B-B11E-4A6D-A415-5E2A6B97C896}.Debug|x64.ActiveCfg = Debug|x64
		{54B5011B-B11E-4A6D-A415-5E2A6B97C896}.Debug|x64.Build.0 = Debug|x64
		{54B5011B-B11E-4A6D-A415-5E2A6B97C896}.Debug|x86.ActiveCfg = Debug|Win32
		{54B5011B-B11E-4A6D-A415-5E2A6B97C896}.Debug|x86.Build.0 = Debug|Win32
		{54B5011B-B11E-4A6D-A415-5E2A6B97C896}.Release|x64.ActiveCfg = Release|x64
		{54B5011B-B11E-4A6D-A415-5E2A6B97C896}.Release|x64.Build.0 = Release|x64
		{54B5011B-B11E-4A6D-A415-5E2A6B97C896}.Release|x86.ActiveCfg = Release|Win32
		{54B5011B-B11E-4A6D-A415-5E2A6B97C896}.Release|x86.Build.0 = Release|Win32
		{64AB75FB-D8B5-4581-93E3-27AEC9998693}.Debug|x64.ActiveCfg = Debug|x64
		{64AB75FB-D8B5-4581-93E3-27AEC9998693}.Debug|x64.Build.0 = Debug|x64
		{64AB75FB-D8B5-4581-93E3-27AEC9998693}.Debug|x86.ActiveCfg = Debug|Win32
		{64AB75FB-D8B5-4581-93E3-27AEC9998693}.Debug|x86.Build.0 = Debug|Win32
		{64AB75FB-D8B5-4581-93E3-27AEC9998693}.Release|x64.ActiveCfg = Release|x64
		{64AB75FB-D8B5-4581-93E3-27AEC9998693}.Release|x64.Build.0 = Release|x64
		{64AB75FB-D8B5-4581-93E3-27AEC9998693}.Release|x86.ActiveCfg = Release|Win32
		{64AB75FB-D8B5-4581-93E3-27AEC9998693}.Release|x86.Build.0 = Release|Win32
		{640EAE60-BE8F-4789-A9A8-05BDA753C6AC}.Debug|x64.ActiveCfg = Debug|x64
		{640EAE60-BE8F-4789-A9A8-05BDA753C6AC}.Debug|x64.Build.0 = Debug|x64
		{640EAE60-BE8F-4789-A9A8-05BDA753C6AC}.Debug|x86.ActiveCfg = Debug|Win32
		{640EAE60-BE8F-4789-A9A8-05BDA753C6AC}.Debug|x86.Build.0 = Debug|Win32
		{640EAE60-BE8F-4789-A9A8-05BDA753C6AC}.Release|x64.ActiveCfg = Release|x64
		{640EAE60-BE8F-4789-A9A8-05BDA753C6AC}.Release|x64.Build.0 = Release|x64
		{640EAE60-BE8F-4789-A9A8-05BDA753C6AC}.Release|x86.ActiveCfg = Release|Win32
		{640EAE60-BE8F-4789-A9A8-05BDA753C6AC}.Release|x86.Build.0 = Release|Win32
		{A1400CA4-36A9-493D-AB90-4ACA1BA58192}.Debug|x64.ActiveCfg = Debug|x64
		{A1400CA4-36A9-493D-AB90-4ACA1BA58192}.Debug|x64.Build.0 = Debug|x64
		{A1400CA4-36A9-493D-AB90-4ACA1BA58192}.Debug|x86.ActiveCfg = Debug|Win32
		{A1400CA4-36A9-493D-AB90-4ACA1BA58192}.Debug|x86.Build.0 = Debug|Win32
		{A1400CA4-36A9-493D-AB90-4ACA1BA58192}.Release|x64.ActiveCfg = Release|x64
		{A1400CA4-36A9-493D-AB90-4ACA1BA58192}.Release|x64.Build.0 = Release|x64
		{A1400CA4-36A9-493D-AB90-4ACA1BA58192}.Release|x86.ActiveCfg = Release|Win32
		{A1400CA4-36A9-493D-AB90-4ACA1BA58192}.Release|x86.Build.0 = Release|Win32
		{92406CE7-A7E1-413F-ABEE-2212AB78B1D5}.Debug|x64.ActiveCfg = Debug|x64
		{92406CE7-A7E1-413F-ABEE-2212AB78B1D5}.Debug|x64.Build.0 = Debug|x64
		{92406CE7-A7E1-413F-ABEE-2212AB78B1D5}.Debug|x86.ActiveCfg = Debug|Win32
		{92406CE7-A7E1-413F-ABEE-2212AB78B1D5}.Debug|x86.Build.0 = Debug|Win32
		{92406CE7-A7E1-413F-ABEE-2212AB78B1D5}.Release|x64.ActiveCfg = Release|x64
		{92406CE7-A7E1-413F-ABEE-2212AB78B1D5}.Release|x64.Build.0 = Release|x64
		{92406CE7-A7E1-413F-ABEE-2212AB78B1D5}.Release|x86.ActiveCfg = Release|Win32
		{92406CE7-A7E1-413F-ABEE-2212AB78B1D5}.Release|x86.Build.0 = Release|Win32
		{55ABDABF-E7FB-454B-80A6-14E45101786B}.Debug|x64.ActiveCfg = Debug|x64
		{55ABDABF-E7FB-454B-80A6-14E45101786B}.Debug|x64.Build.0 = Debug|x64
		{55ABDABF-E7FB-454B-80A6-14E45101786B}.Debug|x86.ActiveCfg = Debug|Win32
		{55ABDABF-E7FB-454B-80A6-14E45101786B}.Debug|x86.Build.0 = Debug|Win32
		{55ABDABF-E7FB-454B-80A6-14E45101786B}.Release|x64.ActiveCfg = Release|x64
		{55ABDABF-E7FB-454B-80A6-14E45101786B}.Release|x64.Build.0 = Release|x64
		{55ABDABF-E7FB-454B-80A6-14E45101786B}.Release|x86.ActiveCfg = Release|Win32
		{55ABDABF-E7FB-454B-80A6-14E45101786B}.Release|x86.Build.0 = Release|Win32
	EndGlobalSection
	GlobalSection(SolutionProperties) = preSolution
		HideSolutionNode = FALSE
	EndGlobalSection
	GlobalSection(NestedProjects) = preSolution
		{F5EBC932-3A20-48C2-B41C-68E5A6EB3E2A} = {67A723D3-21EA-4DC5-AFC9-B9C554F00E10}
		{E1E28DD5-A8CC-4A1D-8DFE-2A9524B62050} = {2D33EDB0-E590-436A-AF8A-645C46B7CE37}
		{D8AF3CCF-21F4-4670-BA32-B871B8F55FBC} = {8E421E04-4E07-471D-9CFB-FBCFF777619C}
		{9B1F03B6-A6AB-4F15-B1F1-FED84C8544A8} = {8E421E04-4E07-471D-9CFB-FBCFF777619C}
		{969F6D3C-4C32-4073-9C1F-06B07AD213F4} = {2E3DB230-8CF7-4CD5-BCC1-0AD237B4804E}
		{19428F83-3F48-42D9-B5C9-DE5E9972E226} = {8E421E04-4E07-471D-9CFB-FBCFF777619C}
		{A47E4004-EE38-4A40-902A-3F12A816B99C} = {8E421E04-4E07-471D-9CFB-FBCFF777619C}
		{C268DFD5-CFEC-488D-A8BE-635E7FB50CA5} = {2E3DB230-8CF7-4CD5-BCC1-0AD237B4804E}
		{509153F1-E5D0-4364-812F-810BB410D163} = {2E3DB230-8CF7-4CD5-BCC1-0AD237B4804E}
		{1A96DA79-ABAE-4DF9-85B9-98DE17B153EB} = {2E3DB230-8CF7-4CD5-BCC1-0AD237B4804E}
		{C7F53203-23CD-4FE4-920D-217052D39A22} = {2E3DB230-8CF7-4CD5-BCC1-0AD237B4804E}
		{48892C2B-A337-4E95-8216-D7BB556C74F0} = {2E3DB230-8CF7-4CD5-BCC1-0AD237B4804E}
		{12890FA2-D59B-4650-BC4D-964CDC72F322} = {2E3DB230-8CF7-4CD5-BCC1-0AD237B4804E}
		{3FDF9094-D3CC-4FB7-8760-9D197CFB81AA} = {E171117D-5B88-4956-A6F1-61C03B3E9809}
		{BD5DB67A-4DBB-4640-A108-7A40BAEC0AB1} = {E171117D-5B88-4956-A6F1-61C03B3E9809}
		{2E3DB230-8CF7-4CD5-BCC1-0AD237B4804E} = {E171117D-5B88-4956-A6F1-61C03B3E9809}
		{AB212C25-8444-4BAE-ACC6-CEB17CB17BBE} = {8E421E04-4E07-471D-9CFB-FBCFF777619C}
		{C3918AAF-CC58-40C1-B246-C4B9A9D387AD} = {8E421E04-4E07-471D-9CFB-FBCFF777619C}
		{BFE32FC2-7D9E-4DF1-B797-99E6BED0A1B1} = {E171117D-5B88-4956-A6F1-61C03B3E9809}
		{60229687-65AF-473D-9EF4-21FDADF336DD} = {B04962DA-CCE0-491E-8272-8D762975097E}
		{62BA6C85-AC7F-4B9B-9BBA-D51D86C0C3A2} = {E171117D-5B88-4956-A6F1-61C03B3E9809}
		{E199B4A0-BA48-487F-BDD0-5949DB0F5A16} = {E171117D-5B88-4956-A6F1-61C03B3E9809}
		{AA1E3539-E452-4C40-BFA6-66F409E3AEAD} = {8E421E04-4E07-471D-9CFB-FBCFF777619C}
		{00112EA5-7448-4953-9AF8-CEA4F643BED0} = {8E421E04-4E07-471D-9CFB-FBCFF777619C}
		{95B8F0D8-279A-401B-9E81-E9542E3F26C1} = {2D33EDB0-E590-436A-AF8A-645C46B7CE37}
		{AE4AD7AA-357B-4946-8563-36CB9335115A} = {67A723D3-21EA-4DC5-AFC9-B9C554F00E10}
		{3C4AC87F-438F-4825-A056-7268AB95F169} = {C1D9D9FA-0895-4D22-B9DA-016D2D0621A7}
		{5EC63190-C2C5-4B72-8210-F04D1B2852E6} = {C1D9D9FA-0895-4D22-B9DA-016D2D0621A7}
		{28EB7F2F-0A4B-412E-A915-50E0B2BFA226} = {A366F4E4-DE55-42D5-A3D7-329A03D1CCB1}
		{9305DB2F-81F4-4E36-B1EA-A841EF886FD9} = {A366F4E4-DE55-42D5-A3D7-329A03D1CCB1}
		{C7629376-1503-454B-BEAA-0D27500EFBA4} = {A366F4E4-DE55-42D5-A3D7-329A03D1CCB1}
		{A7DDDC86-F3CB-4659-8B4B-02E69DBFAD19} = {A366F4E4-DE55-42D5-A3D7-329A03D1CCB1}
		{3A76433F-D8A1-4C92-8D6E-953F715F04DF} = {A366F4E4-DE55-42D5-A3D7-329A03D1CCB1}
		{4D495C0A-95C8-4F60-8046-344EABDB4C42} = {A366F4E4-DE55-42D5-A3D7-329A03D1CCB1}
		{5167F831-6524-48AA-B908-CCAB3D314C22} = {A366F4E4-DE55-42D5-A3D7-329A03D1CCB1}
		{F31C2788-2D78-4719-B6E9-4F80DD024C7C} = {A366F4E4-DE55-42D5-A3D7-329A03D1CCB1}
		{90B90DDC-0E9B-4618-B37C-EAE0EE2457EB} = {67A723D3-21EA-4DC5-AFC9-B9C554F00E10}
		{20BD28A4-C692-411F-924F-0229FF438560} = {67A723D3-21EA-4DC5-AFC9-B9C554F00E10}
		{C0D71B52-21E1-49A5-9B2B-5BD1D1E83A4B} = {67A723D3-21EA-4DC5-AFC9-B9C554F00E10}
		{BC402A81-28B5-41EA-AB0B-234E5CB5134A} = {67A723D3-21EA-4DC5-AFC9-B9C554F00E10}
		{D7E3A78C-A8AB-4277-A26C-9CADCA6877A2} = {67A723D3-21EA-4DC5-AFC9-B9C554F00E10}
		{F1E740F6-E7FD-4A1E-8A35-588C189DCC7C} = {2D33EDB0-E590-436A-AF8A-645C46B7CE37}
		{9B6F26DB-9FB2-4B1B-A97A-7D1D77C1AC11} = {A366F4E4-DE55-42D5-A3D7-329A03D1CCB1}
		{1753292D-531F-4B6B-86F9-DDE9C5809874} = {8E421E04-4E07-471D-9CFB-FBCFF777619C}
		{18D48BCA-F538-467B-A425-022622230C34} = {2D33EDB0-E590-436A-AF8A-645C46B7CE37}
		{1FF5B2F8-5FE3-4761-9F65-774E5E3A9BC4} = {E171117D-5B88-4956-A6F1-61C03B3E9809}
		{566D2886-8C89-4409-A423-338E9677F463} = {1FF5B2F8-5FE3-4761-9F65-774E5E3A9BC4}
		{B04962DA-CCE0-491E-8272-8D762975097E} = {E171117D-5B88-4956-A6F1-61C03B3E9809}
		{88F1734D-3154-4564-B3DF-CC574D74F822} = {B04962DA-CCE0-491E-8272-8D762975097E}
		{8AAF7977-43A2-4E8B-AED7-43741F6A5F95} = {B04962DA-CCE0-491E-8272-8D762975097E}
		{7C075416-E325-4CC6-BA68-7AF9CABF7302} = {E171117D-5B88-4956-A6F1-61C03B3E9809}
		{8E421E04-4E07-471D-9CFB-FBCFF777619C} = {A366F4E4-DE55-42D5-A3D7-329A03D1CCB1}
		{67A723D3-21EA-4DC5-AFC9-B9C554F00E10} = {2D33EDB0-E590-436A-AF8A-645C46B7CE37}
		{A587E328-2FD1-413F-9B89-F1D32F52D048} = {8E421E04-4E07-471D-9CFB-FBCFF777619C}
		{D1D9582C-64E4-4616-85A2-1182AABFB1C9} = {8E421E04-4E07-471D-9CFB-FBCFF777619C}
		{3E239496-AA4C-4848-9A2E-17A6E632FD1F} = {8E421E04-4E07-471D-9CFB-FBCFF777619C}
		{A44641C0-01E6-4B51-B662-01DE9EB2ED5B} = {8E421E04-4E07-471D-9CFB-FBCFF777619C}
		{54B5011B-B11E-4A6D-A415-5E2A6B97C896} = {8E421E04-4E07-471D-9CFB-FBCFF777619C}
		{64AB75FB-D8B5-4581-93E3-27AEC9998693} = {8E421E04-4E07-471D-9CFB-FBCFF777619C}
		{640EAE60-BE8F-4789-A9A8-05BDA753C6AC} = {8E421E04-4E07-471D-9CFB-FBCFF777619C}
		{A1400CA4-36A9-493D-AB90-4ACA1BA58192} = {2D33EDB0-E590-436A-AF8A-645C46B7CE37}
		{92406CE7-A7E1-413F-ABEE-2212AB78B1D5} = {2D33EDB0-E590-436A-AF8A-645C46B7CE37}
		{55ABDABF-E7FB-454B-80A6-14E45101786B} = {CEF9AC5E-9AD5-4A73-A23D-CDE40E70BA62}
	EndGlobalSection
	GlobalSection(ExtensibilityGlobals) = postSolution
		SolutionGuid = {D197F49F-D347-4160-9861-D53389A2D76C}
	EndGlobalSection
EndGlobal
